
Microsoft Visual Studio Solution File, Format Version 12.00
# Visual Studio Version 17
VisualStudioVersion = 17.10.35004.147
MinimumVisualStudioVersion = 10.0.40219.1
Project("{FAE04EC0-301F-11D3-BF4B-00C04F79EFBC}") = "Book Store Order Processing System", "Book Store Order Processing System\Book Store Order Processing System.csproj", "{5268FF7B-688A-4350-8D7E-0C78EFE74FAF}"
EndProject
Global
	GlobalSection(SolutionConfigurationPlatforms) = preSolution
		Debug|Any CPU = Debug|Any CPU
		Release|Any CPU = Release|Any CPU
	EndGlobalSection
	GlobalSection(ProjectConfigurationPlatforms) = postSolution
		{5268FF7B-688A-4350-8D7E-0C78EFE74FAF}.Debug|Any CPU.ActiveCfg = Debug|Any CPU
		{5268FF7B-688A-4350-8D7E-0C78EFE74FAF}.Debug|Any CPU.Build.0 = Debug|Any CPU
		{5268FF7B-688A-4350-8D7E-0C78EFE74FAF}.Release|Any CPU.ActiveCfg = Release|Any CPU
		{5268FF7B-688A-4350-8D7E-0C78EFE74FAF}.Release|Any CPU.Build.0 = Release|Any CPU
	EndGlobalSection
	GlobalSection(SolutionProperties) = preSolution
		HideSolutionNode = FALSE
	EndGlobalSection
	GlobalSection(ExtensibilityGlobals) = postSolution
		SolutionGuid = {25A576AD-4273-478A-A24E-9E935C0869AD}
	EndGlobalSection
EndGlobal
